
Microsoft Visual Studio Solution File, Format Version 12.00
# Visual Studio Version 16
VisualStudioVersion = 16.0.31112.23
MinimumVisualStudioVersion = 10.0.40219.1
Project("{FAE04EC0-301F-11D3-BF4B-00C04F79EFBC}") = "Game", "Game.csproj", "{4FA47372-371C-43DF-AF0B-9EADEFF465CC}"
EndProject
Project("{FAE04EC0-301F-11D3-BF4B-00C04F79EFBC}") = "GameTests", "..\GameTests\GameTests.csproj", "{3B8E67BF-9C6D-40A4-9ABD-2088B0BC0F2E}"
	ProjectSection(ProjectDependencies) = postProject
		{4FA47372-371C-43DF-AF0B-9EADEFF465CC} = {4FA47372-371C-43DF-AF0B-9EADEFF465CC}
	EndProjectSection
EndProject
Global
	GlobalSection(SolutionConfigurationPlatforms) = preSolution
		Debug|Any CPU = Debug|Any CPU
		Release|Any CPU = Release|Any CPU
	EndGlobalSection
	GlobalSection(ProjectConfigurationPlatforms) = postSolution
		{4FA47372-371C-43DF-AF0B-9EADEFF465CC}.Debug|Any CPU.ActiveCfg = Debug|Any CPU
		{4FA47372-371C-43DF-AF0B-9EADEFF465CC}.Debug|Any CPU.Build.0 = Debug|Any CPU
		{4FA47372-371C-43DF-AF0B-9EADEFF465CC}.Release|Any CPU.ActiveCfg = Release|Any CPU
		{4FA47372-371C-43DF-AF0B-9EADEFF465CC}.Release|Any CPU.Build.0 = Release|Any CPU
		{3B8E67BF-9C6D-40A4-9ABD-2088B0BC0F2E}.Debug|Any CPU.ActiveCfg = Debug|Any CPU
		{3B8E67BF-9C6D-40A4-9ABD-2088B0BC0F2E}.Debug|Any CPU.Build.0 = Debug|Any CPU
		{3B8E67BF-9C6D-40A4-9ABD-2088B0BC0F2E}.Release|Any CPU.ActiveCfg = Release|Any CPU
		{3B8E67BF-9C6D-40A4-9ABD-2088B0BC0F2E}.Release|Any CPU.Build.0 = Release|Any CPU
	EndGlobalSection
	GlobalSection(SolutionProperties) = preSolution
		HideSolutionNode = FALSE
	EndGlobalSection
	GlobalSection(ExtensibilityGlobals) = postSolution
		SolutionGuid = {9D965B82-CBF2-4170-BD85-D7D2A31D3E56}
	EndGlobalSection
EndGlobal
